
Microsoft Visual Studio Solution File, Format Version 12.00
# Visual Studio Version 17
VisualStudioVersion = 17.1.32210.238
MinimumVisualStudioVersion = 10.0.40219.1
Project("{9A19103F-16F7-4668-BE54-9A1E7A4F7556}") = "CoreDemo", "CoreDemo\CoreDemo.csproj", "{94851052-A434-455F-B925-0A35AFC112A4}"
EndProject
Project("{9A19103F-16F7-4668-BE54-9A1E7A4F7556}") = "EntityLayer", "EntityLayer\EntityLayer.csproj", "{597BA99E-0D0F-473A-B6FE-7005BCA43948}"
EndProject
Project("{9A19103F-16F7-4668-BE54-9A1E7A4F7556}") = "BusinessLayer", "BusinessLayer\BusinessLayer.csproj", "{2F348AEB-4750-4030-B418-DA5F5822922E}"
EndProject
Project("{9A19103F-16F7-4668-BE54-9A1E7A4F7556}") = "CoreLayer", "CoreLayer\CoreLayer.csproj", "{B34B3096-9C0B-433E-90F8-2331934142F4}"
EndProject
Project("{9A19103F-16F7-4668-BE54-9A1E7A4F7556}") = "DataAccessLayer", "DataAccessLayer\DataAccessLayer.csproj", "{D2B40EF3-7636-4625-8104-C124F242DA5B}"
EndProject
Project("{9A19103F-16F7-4668-BE54-9A1E7A4F7556}") = "BlogApiDemo", "BlogApiDemo\BlogApiDemo.csproj", "{3EA02CA0-6AFA-481F-A126-63F5A300D24D}"
EndProject
Project("{FAE04EC0-301F-11D3-BF4B-00C04F79EFBC}") = "Jwt_core_kamp", "Jwt_core_kamp\Jwt_core_kamp.csproj", "{DCA55CF7-1E76-4B8E-ACBD-4CDDEDF06BBC}"
EndProject
Global
	GlobalSection(SolutionConfigurationPlatforms) = preSolution
		Debug|Any CPU = Debug|Any CPU
		Release|Any CPU = Release|Any CPU
	EndGlobalSection
	GlobalSection(ProjectConfigurationPlatforms) = postSolution
		{94851052-A434-455F-B925-0A35AFC112A4}.Debug|Any CPU.ActiveCfg = Debug|Any CPU
		{94851052-A434-455F-B925-0A35AFC112A4}.Debug|Any CPU.Build.0 = Debug|Any CPU
		{94851052-A434-455F-B925-0A35AFC112A4}.Release|Any CPU.ActiveCfg = Release|Any CPU
		{94851052-A434-455F-B925-0A35AFC112A4}.Release|Any CPU.Build.0 = Release|Any CPU
		{597BA99E-0D0F-473A-B6FE-7005BCA43948}.Debug|Any CPU.ActiveCfg = Debug|Any CPU
		{597BA99E-0D0F-473A-B6FE-7005BCA43948}.Debug|Any CPU.Build.0 = Debug|Any CPU
		{597BA99E-0D0F-473A-B6FE-7005BCA43948}.Release|Any CPU.ActiveCfg = Release|Any CPU
		{597BA99E-0D0F-473A-B6FE-7005BCA43948}.Release|Any CPU.Build.0 = Release|Any CPU
		{2F348AEB-4750-4030-B418-DA5F5822922E}.Debug|Any CPU.ActiveCfg = Debug|Any CPU
		{2F348AEB-4750-4030-B418-DA5F5822922E}.Debug|Any CPU.Build.0 = Debug|Any CPU
		{2F348AEB-4750-4030-B418-DA5F5822922E}.Release|Any CPU.ActiveCfg = Release|Any CPU
		{2F348AEB-4750-4030-B418-DA5F5822922E}.Release|Any CPU.Build.0 = Release|Any CPU
		{B34B3096-9C0B-433E-90F8-2331934142F4}.Debug|Any CPU.ActiveCfg = Debug|Any CPU
		{B34B3096-9C0B-433E-90F8-2331934142F4}.Debug|Any CPU.Build.0 = Debug|Any CPU
		{B34B3096-9C0B-433E-90F8-2331934142F4}.Release|Any CPU.ActiveCfg = Release|Any CPU
		{B34B3096-9C0B-433E-90F8-2331934142F4}.Release|Any CPU.Build.0 = Release|Any CPU
		{D2B40EF3-7636-4625-8104-C124F242DA5B}.Debug|Any CPU.ActiveCfg = Debug|Any CPU
		{D2B40EF3-7636-4625-8104-C124F242DA5B}.Debug|Any CPU.Build.0 = Debug|Any CPU
		{D2B40EF3-7636-4625-8104-C124F242DA5B}.Release|Any CPU.ActiveCfg = Release|Any CPU
		{D2B40EF3-7636-4625-8104-C124F242DA5B}.Release|Any CPU.Build.0 = Release|Any CPU
		{3EA02CA0-6AFA-481F-A126-63F5A300D24D}.Debug|Any CPU.ActiveCfg = Debug|Any CPU
		{3EA02CA0-6AFA-481F-A126-63F5A300D24D}.Debug|Any CPU.Build.0 = Debug|Any CPU
		{3EA02CA0-6AFA-481F-A126-63F5A300D24D}.Release|Any CPU.ActiveCfg = Release|Any CPU
		{3EA02CA0-6AFA-481F-A126-63F5A300D24D}.Release|Any CPU.Build.0 = Release|Any CPU
		{DCA55CF7-1E76-4B8E-ACBD-4CDDEDF06BBC}.Debug|Any CPU.ActiveCfg = Debug|Any CPU
		{DCA55CF7-1E76-4B8E-ACBD-4CDDEDF06BBC}.Debug|Any CPU.Build.0 = Debug|Any CPU
		{DCA55CF7-1E76-4B8E-ACBD-4CDDEDF06BBC}.Release|Any CPU.ActiveCfg = Release|Any CPU
		{DCA55CF7-1E76-4B8E-ACBD-4CDDEDF06BBC}.Release|Any CPU.Build.0 = Release|Any CPU
	EndGlobalSection
	GlobalSection(SolutionProperties) = preSolution
		HideSolutionNode = FALSE
	EndGlobalSection
	GlobalSection(ExtensibilityGlobals) = postSolution
		SolutionGuid = {3D232ADA-48E6-48C8-A215-E5F8790BC68B}
	EndGlobalSection
EndGlobal
